dependencies:
  espressif/mdns:
    component_hash: af6306fe65d637a3683d1cf671508fcedd6b05f9ca029a8815abeab64001fb8d
    source:
      service_url: https://api.components.espressif.com/
      type: service
    version: 1.4.0
  idf:
    component_hash: null
    source:
      type: idf
    version: 5.1.1
manifest_hash: 54599937d41b7c083772b3977ac338202fd0ad59a71852146df4f01f7ea60437
target: esp32c3
version: 1.0.0
